// !$*UTF8*$!
{
	archiveVersion = 1;
	classes = {
	};
	objectVersion = 56;
	objects = {

/* Begin PBXBuildFile section */
		AA000001 /* MonoNotesApp.swift in Sources */ = {isa = PBXBuildFile; fileRef = AA000011 /* MonoNotesApp.swift */; };
		AA000002 /* ListEditorState.swift in Sources */ = {isa = PBXBuildFile; fileRef = AA000022 /* ListEditorState.swift */; };
		AA000003 /* SidebarComponents.swift in Sources */ = {isa = PBXBuildFile; fileRef = AA000023 /* SidebarComponents.swift */; };
		AA000004 /* TreeHelpers.swift in Sources */ = {isa = PBXBuildFile; fileRef = AA000024 /* TreeHelpers.swift */; };
		AA00000F /* ListEditorComponents.swift in Sources */ = {isa = PBXBuildFile; fileRef = AA00001F /* ListEditorComponents.swift */; };
		AA000007 /* Models.swift in Sources */ = {isa = PBXBuildFile; fileRef = AA000017 /* Models.swift */; };
		AA000008 /* AppStore.swift in Sources */ = {isa = PBXBuildFile; fileRef = AA000018 /* AppStore.swift */; };
		AA000009 /* DragDropTypes.swift in Sources */ = {isa = PBXBuildFile; fileRef = AA000019 /* DragDropTypes.swift */; };
		AA00000A /* RootView.swift in Sources */ = {isa = PBXBuildFile; fileRef = AA00001A /* RootView.swift */; };
		AA00000B /* SidebarView.swift in Sources */ = {isa = PBXBuildFile; fileRef = AA00001B /* SidebarView.swift */; };
		AA00000C /* FileEditorView.swift in Sources */ = {isa = PBXBuildFile; fileRef = AA00001C /* FileEditorView.swift */; };
		AA00000D /* EmptyScreenView.swift in Sources */ = {isa = PBXBuildFile; fileRef = AA00001D /* EmptyScreenView.swift */; };
		AA00000E /* PlaceholderView.swift in Sources */ = {isa = PBXBuildFile; fileRef = AA00001E /* PlaceholderView.swift */; };
/* End PBXBuildFile section */

/* Begin PBXFileReference section */
		AA000010 /* mono-notes.app */ = {isa = PBXFileReference; explicitFileType = wrapper.application; includeInIndex = 0; path = "mono-notes.app"; sourceTree = BUILT_PRODUCTS_DIR; };
		AA000011 /* MonoNotesApp.swift */ = {isa = PBXFileReference; lastKnownFileType = sourcecode.swift; path = MonoNotesApp.swift; sourceTree = "<group>"; };
		AA000017 /* Models.swift */ = {isa = PBXFileReference; lastKnownFileType = sourcecode.swift; path = Models.swift; sourceTree = "<group>"; };
		AA000018 /* AppStore.swift */ = {isa = PBXFileReference; lastKnownFileType = sourcecode.swift; path = AppStore.swift; sourceTree = "<group>"; };
		AA000019 /* DragDropTypes.swift */ = {isa = PBXFileReference; lastKnownFileType = sourcecode.swift; path = DragDropTypes.swift; sourceTree = "<group>"; };
		AA00001A /* RootView.swift */ = {isa = PBXFileReference; lastKnownFileType = sourcecode.swift; path = RootView.swift; sourceTree = "<group>"; };
		AA00001B /* SidebarView.swift */ = {isa = PBXFileReference; lastKnownFileType = sourcecode.swift; path = SidebarView.swift; sourceTree = "<group>"; };
		AA00001C /* FileEditorView.swift */ = {isa = PBXFileReference; lastKnownFileType = sourcecode.swift; path = FileEditorView.swift; sourceTree = "<group>"; };
		AA00001D /* EmptyScreenView.swift */ = {isa = PBXFileReference; lastKnownFileType = sourcecode.swift; path = EmptyScreenView.swift; sourceTree = "<group>"; };
		AA00001E /* PlaceholderView.swift */ = {isa = PBXFileReference; lastKnownFileType = sourcecode.swift; path = PlaceholderView.swift; sourceTree = "<group>"; };
		AA00001F /* ListEditorComponents.swift */ = {isa = PBXFileReference; lastKnownFileType = sourcecode.swift; path = ListEditorComponents.swift; sourceTree = "<group>"; };
		AA000022 /* ListEditorState.swift */ = {isa = PBXFileReference; lastKnownFileType = sourcecode.swift; path = ListEditorState.swift; sourceTree = "<group>"; };
		AA000023 /* SidebarComponents.swift */ = {isa = PBXFileReference; lastKnownFileType = sourcecode.swift; path = SidebarComponents.swift; sourceTree = "<group>"; };
		AA000024 /* TreeHelpers.swift */ = {isa = PBXFileReference; lastKnownFileType = sourcecode.swift; path = TreeHelpers.swift; sourceTree = "<group>"; };
/* End PBXFileReference section */

/* Begin PBXFrameworksBuildPhase section */
		AA000020 /* Frameworks */ = {
			isa = PBXFrameworksBuildPhase;
			buildActionMask = 2147483647;
			files = (
			);
			runOnlyForDeploymentPostprocessing = 0;
		};
/* End PBXFrameworksBuildPhase section */

/* Begin PBXGroup section */
		AA000030 /* mono-notes */ = {
			isa = PBXGroup;
			children = (
				AA000040 /* Sources */,
				AA000050 /* Products */,
			);
			sourceTree = "<group>";
		};
		AA000040 /* Sources */ = {
			isa = PBXGroup;
			children = (
				AA000011 /* MonoNotesApp.swift */,
				AA000017 /* Models.swift */,
				AA000018 /* AppStore.swift */,
				AA000019 /* DragDropTypes.swift */,
				AA00001A /* RootView.swift */,
				AA00001B /* SidebarView.swift */,
				AA000023 /* SidebarComponents.swift */,
				AA00001C /* FileEditorView.swift */,
				AA00001F /* ListEditorComponents.swift */,
				AA000022 /* ListEditorState.swift */,
				AA000024 /* TreeHelpers.swift */,
				AA00001D /* EmptyScreenView.swift */,
				AA00001E /* PlaceholderView.swift */,
			);
			path = "mono-notes";
			sourceTree = "<group>";
		};
		AA000050 /* Products */ = {
			isa = PBXGroup;
			children = (
				AA000010 /* mono-notes.app */,
			);
			name = Products;
			sourceTree = "<group>";
		};
/* End PBXGroup section */

/* Begin PBXNativeTarget section */
		AA000060 /* mono-notes */ = {
			isa = PBXNativeTarget;
			buildConfigurationList = AA000080;
			buildPhases = (
				AA000070 /* Sources */,
				AA000020 /* Frameworks */,
			);
			buildRules = (
			);
			dependencies = (
			);
			name = "mono-notes";
			productName = "mono-notes";
			productReference = AA000010 /* mono-notes.app */;
			productType = "com.apple.product-type.application";
		};
/* End PBXNativeTarget section */

/* Begin PBXProject section */
		AA000090 /* Project object */ = {
			isa = PBXProject;
			attributes = {
				BuildIndependentTargetsInParallel = 1;
				LastSwiftUpdateCheck = 1500;
				LastUpgradeCheck = 1500;
				TargetAttributes = {
					AA000060 = {
						CreatedOnToolsVersion = 15.0;
					};
				};
			};
			buildConfigurationList = AA000100;
			compatibilityVersion = "Xcode 14.0";
			developmentRegion = en;
			hasScannedForEncodings = 0;
			knownRegions = (
				en,
				Base,
			);
			mainGroup = AA000030;
			productRefGroup = AA000050 /* Products */;
			projectDirPath = "";
			projectRoot = "";
			targets = (
				AA000060 /* mono-notes */,
			);
		};
/* End PBXProject section */

/* Begin PBXSourcesBuildPhase section */
		AA000070 /* Sources */ = {
			isa = PBXSourcesBuildPhase;
			buildActionMask = 2147483647;
			files = (
				AA000001 /* MonoNotesApp.swift in Sources */,
				AA000007 /* Models.swift in Sources */,
				AA000008 /* AppStore.swift in Sources */,
				AA000009 /* DragDropTypes.swift in Sources */,
				AA00000A /* RootView.swift in Sources */,
				AA00000B /* SidebarView.swift in Sources */,
				AA000003 /* SidebarComponents.swift in Sources */,
				AA00000C /* FileEditorView.swift in Sources */,
				AA00000F /* ListEditorComponents.swift in Sources */,
				AA000002 /* ListEditorState.swift in Sources */,
				AA000004 /* TreeHelpers.swift in Sources */,
				AA00000D /* EmptyScreenView.swift in Sources */,
				AA00000E /* PlaceholderView.swift in Sources */,
			);
			runOnlyForDeploymentPostprocessing = 0;
		};
/* End PBXSourcesBuildPhase section */

/* Begin XCBuildConfiguration section */
		AA000110 /* Debug */ = {
			isa = XCBuildConfiguration;
			buildSettings = {
				ALWAYS_SEARCH_USER_PATHS = NO;
				CLANG_ANALYZER_NONNULL = YES;
				CLANG_ENABLE_MODULES = YES;
				CLANG_ENABLE_OBJC_ARC = YES;
				COPY_PHASE_STRIP = NO;
				DEBUG_INFORMATION_FORMAT = dwarf;
				ENABLE_TESTABILITY = YES;
				GCC_OPTIMIZATION_LEVEL = 0;
				GCC_PREPROCESSOR_DEFINITIONS = (
					"DEBUG=1",
					"$(inherited)",
				);
				IPHONEOS_DEPLOYMENT_TARGET = 17.0;
				ONLY_ACTIVE_ARCH = YES;
				SDKROOT = iphoneos;
				SWIFT_ACTIVE_COMPILATION_CONDITIONS = DEBUG;
				SWIFT_OPTIMIZATION_LEVEL = "-Onone";
			};
			name = Debug;
		};
		AA000120 /* Release */ = {
			isa = XCBuildConfiguration;
			buildSettings = {
				ALWAYS_SEARCH_USER_PATHS = NO;
				CLANG_ANALYZER_NONNULL = YES;
				CLANG_ENABLE_MODULES = YES;
				CLANG_ENABLE_OBJC_ARC = YES;
				COPY_PHASE_STRIP = NO;
				DEBUG_INFORMATION_FORMAT = "dwarf-with-dsym";
				ENABLE_NS_ASSERTIONS = NO;
				IPHONEOS_DEPLOYMENT_TARGET = 17.0;
				SDKROOT = iphoneos;
				SWIFT_COMPILATION_MODE = wholemodule;
				VALIDATE_PRODUCT = YES;
			};
			name = Release;
		};
		AA000130 /* Debug Target */ = {
			isa = XCBuildConfiguration;
			buildSettings = {
				CODE_SIGN_STYLE = Automatic;
				IPHONEOS_DEPLOYMENT_TARGET = 17.0;
				PRODUCT_BUNDLE_IDENTIFIER = "com.mononotes.app";
				PRODUCT_NAME = "$(TARGET_NAME)";
				SDKROOT = iphoneos;
				SWIFT_VERSION = 5.0;
				INFOPLIST_FILE = "mono-notes/Info.plist";
			};
			name = Debug;
		};
		AA000140 /* Release Target */ = {
			isa = XCBuildConfiguration;
			buildSettings = {
				CODE_SIGN_STYLE = Automatic;
				IPHONEOS_DEPLOYMENT_TARGET = 17.0;
				PRODUCT_BUNDLE_IDENTIFIER = "com.mononotes.app";
				PRODUCT_NAME = "$(TARGET_NAME)";
				SDKROOT = iphoneos;
				SWIFT_VERSION = 5.0;
				INFOPLIST_FILE = "mono-notes/Info.plist";
			};
			name = Release;
		};
/* End XCBuildConfiguration section */

/* Begin XCConfigurationList section */
		AA000080 /* Build configuration list for PBXNativeTarget "mono-notes" */ = {
			isa = XCConfigurationList;
			buildConfigurations = (
				AA000130 /* Debug */,
				AA000140 /* Release */,
			);
			defaultConfigurationIsVisible = 0;
			defaultConfigurationName = Release;
		};
		AA000100 /* Build configuration list for PBXProject "mono-notes" */ = {
			isa = XCConfigurationList;
			buildConfigurations = (
				AA000110 /* Debug */,
				AA000120 /* Release */,
			);
			defaultConfigurationIsVisible = 0;
			defaultConfigurationName = Release;
		};
/* End XCConfigurationList section */
	};
	rootObject = AA000090 /* Project object */;
}
